
Microsoft Visual Studio Solution File, Format Version 12.00
# Visual Studio 15
VisualStudioVersion = 15.0.27130.2036
MinimumVisualStudioVersion = 10.0.40219.1
Project("{FAE04EC0-301F-11D3-BF4B-00C04F79EFBC}") = "extract", "extract\extract.csproj", "{BFA434D2-4619-4729-9F0C-1B4EE6109B11}"
EndProject
Global
	GlobalSection(SolutionConfigurationPlatforms) = preSolution
		Debug|Any CPU = Debug|Any CPU
		Release|Any CPU = Release|Any CPU
	EndGlobalSection
	GlobalSection(ProjectConfigurationPlatforms) = postSolution
		{BFA434D2-4619-4729-9F0C-1B4EE6109B11}.Debug|Any CPU.ActiveCfg = Debug|Any CPU
		{BFA434D2-4619-4729-9F0C-1B4EE6109B11}.Debug|Any CPU.Build.0 = Debug|Any CPU
		{BFA434D2-4619-4729-9F0C-1B4EE6109B11}.Release|Any CPU.ActiveCfg = Release|Any CPU
		{BFA434D2-4619-4729-9F0C-1B4EE6109B11}.Release|Any CPU.Build.0 = Release|Any CPU
	EndGlobalSection
	GlobalSection(SolutionProperties) = preSolution
		HideSolutionNode = FALSE
	EndGlobalSection
	GlobalSection(ExtensibilityGlobals) = postSolution
		SolutionGuid = {38F1A6B0-874A-4F77-9992-49AB72B74187}
	EndGlobalSection
EndGlobal
